[
  {
    "uid": 4458754912,
    "password": "SNNDEKANM_MBSSM_BY_SPIDEERIO_GAMING_BUFAR"
  },
  {
    "uid": 4458752255,
    "password": "SNNDEKANM_6BE4C_BY_SPIDEERIO_GAMING_BWW21"
  },
  {
    "uid": 4458729952,
    "password": "SNNDEKANM_FM7EA_BY_SPIDEERIO_GAMING_23ANG"
  },
  {
    "uid": 4458737247,
    "password": "SNNDEKANM_QOCMZ_BY_SPIDEERIO_GAMING_1JPAM"
  },
  {
    "uid": 4458752413,
    "password": "SNNDEKANM_D2FTA_BY_SPIDEERIO_GAMING_GMFT3"
  },
  {
    "uid": 4458751009,
    "password": "SNNDEKANM_29QSL_BY_SPIDEERIO_GAMING_UHV3H"
  },
  {
    "uid": 4458751897,
    "password": "SNNDEKANM_PCHUJ_BY_SPIDEERIO_GAMING_W3BFX"
  },
  {
    "uid": 4458755769,
    "password": "SNNDEKANM_SCXA2_BY_SPIDEERIO_GAMING_3PQNP"
  },
  {
    "uid": 4458758856,
    "password": "SNNDEKANM_3VNO6_BY_SPIDEERIO_GAMING_G255B"
  },
  {
    "uid": 4458761743,
    "password": "SNNDEKANM_2PNRI_BY_SPIDEERIO_GAMING_DHLY1"
  },
  {
    "uid": 4458763341,
    "password": "SNNDEKANM_9FU7Z_BY_SPIDEERIO_GAMING_T2EGN"
  },
  {
    "uid": 4458763896,
    "password": "SNNDEKANM_MOYS2_BY_SPIDEERIO_GAMING_QYM6Y"
  },
  {
    "uid": 4458758857,
    "password": "SNNDEKANM_J5YJ6_BY_SPIDEERIO_GAMING_2Z20T"
  },
  {
    "uid": 4458762293,
    "password": "SNNDEKANM_Q1GG0_BY_SPIDEERIO_GAMING_YC0JW"
  },
  {
    "uid": 4458766411,
    "password": "SNNDEKANM_N5BN7_BY_SPIDEERIO_GAMING_0E2EC"
  },
  {
    "uid": 4458764852,
    "password": "SNNDEKANM_50305_BY_SPIDEERIO_GAMING_HNU18"
  },
  {
    "uid": 4458766751,
    "password": "SNNDEKANM_JOADW_BY_SPIDEERIO_GAMING_8IEFC"
  },
  {
    "uid": 4458767448,
    "password": "SNNDEKANM_TWP59_BY_SPIDEERIO_GAMING_1IHWX"
  },
  {
    "uid": 4458766810,
    "password": "SNNDEKANM_L8QUF_BY_SPIDEERIO_GAMING_ST3UM"
  },
  {
    "uid": 4458768429,
    "password": "SNNDEKANM_PKA49_BY_SPIDEERIO_GAMING_XBX8O"
  },
  {
    "uid": 4458768901,
    "password": "SNNDEKANM_DVCAL_BY_SPIDEERIO_GAMING_576XR"
  },
  {
    "uid": 4458769084,
    "password": "SNNDEKANM_HTLMX_BY_SPIDEERIO_GAMING_G41FO"
  },
  {
    "uid": 4458769744,
    "password": "SNNDEKANM_NMSTK_BY_SPIDEERIO_GAMING_EQTUX"
  },
  {
    "uid": 4458770384,
    "password": "SNNDEKANM_LWXM3_BY_SPIDEERIO_GAMING_MET7E"
  },
  {
    "uid": 4458769665,
    "password": "SNNDEKANM_570DC_BY_SPIDEERIO_GAMING_WR39E"
  },
  {
    "uid": 4458770458,
    "password": "SNNDEKANM_EB9KO_BY_SPIDEERIO_GAMING_7QUGO"
  },
  {
    "uid": 4458771351,
    "password": "SNNDEKANM_W4UHX_BY_SPIDEERIO_GAMING_K4N8K"
  },
  {
    "uid": 4458771312,
    "password": "SNNDEKANM_UFKJA_BY_SPIDEERIO_GAMING_6G01X"
  },
  {
    "uid": 4458772183,
    "password": "SNNDEKANM_GQEFP_BY_SPIDEERIO_GAMING_9CLFC"
  },
  {
    "uid": 4458772586,
    "password": "SNNDEKANM_88WIR_BY_SPIDEERIO_GAMING_QBTAF"
  },
  {
    "uid": 4458772875,
    "password": "SNNDEKANM_N9RYI_BY_SPIDEERIO_GAMING_9UQF0"
  },
  {
    "uid": 4458773360,
    "password": "SNNDEKANM_HHGP6_BY_SPIDEERIO_GAMING_QMFM9"
  },
  {
    "uid": 4458773674,
    "password": "SNNDEKANM_ZS7HO_BY_SPIDEERIO_GAMING_OF3WJ"
  },
  {
    "uid": 4458773811,
    "password": "SNNDEKANM_37VPF_BY_SPIDEERIO_GAMING_LRWUK"
  },
  {
    "uid": 4458774885,
    "password": "SNNDEKANM_SK1PZ_BY_SPIDEERIO_GAMING_MVURY"
  },
  {
    "uid": 4458775288,
    "password": "SNNDEKANM_TO8PK_BY_SPIDEERIO_GAMING_INNYB"
  },
  {
    "uid": 4458776736,
    "password": "SNNDEKANM_MRZ52_BY_SPIDEERIO_GAMING_SSM5C"
  },
  {
    "uid": 4458776810,
    "password": "SNNDEKANM_UZZV6_BY_SPIDEERIO_GAMING_JTPRY"
  },
  {
    "uid": 4458777277,
    "password": "SNNDEKANM_4ZJE9_BY_SPIDEERIO_GAMING_QX137"
  },
  {
    "uid": 4458778014,
    "password": "SNNDEKANM_43W3R_BY_SPIDEERIO_GAMING_TYYS8"
  },
  {
    "uid": 4458778204,
    "password": "SNNDEKANM_C728K_BY_SPIDEERIO_GAMING_BS4O6"
  },
  {
    "uid": 4458779297,
    "password": "SNNDEKANM_9A9AM_BY_SPIDEERIO_GAMING_OFXAM"
  },
  {
    "uid": 4458778580,
    "password": "SNNDEKANM_HVH39_BY_SPIDEERIO_GAMING_BWA9X"
  },
  {
    "uid": 4458779625,
    "password": "SNNDEKANM_ORAUG_BY_SPIDEERIO_GAMING_B387T"
  },
  {
    "uid": 4458779826,
    "password": "SNNDEKANM_WPZPV_BY_SPIDEERIO_GAMING_3IXKV"
  },
  {
    "uid": 4458780816,
    "password": "SNNDEKANM_9ROLJ_BY_SPIDEERIO_GAMING_IL6DA"
  },
  {
    "uid": 4458780912,
    "password": "SNNDEKANM_AKFXL_BY_SPIDEERIO_GAMING_8VVW9"
  },
  {
    "uid": 4458781560,
    "password": "SNNDEKANM_IF72Y_BY_SPIDEERIO_GAMING_8MPAQ"
  },
  {
    "uid": 4458781665,
    "password": "SNNDEKANM_JMV9I_BY_SPIDEERIO_GAMING_9OMU9"
  },
  {
    "uid": 4458782308,
    "password": "SNNDEKANM_Y7H4J_BY_SPIDEERIO_GAMING_YL43J"
  },
  {
    "uid": 4458782806,
    "password": "SNNDEKANM_KWO7Q_BY_SPIDEERIO_GAMING_CR93A"
  },
  {
    "uid": 4458782552,
    "password": "SNNDEKANM_3XGJY_BY_SPIDEERIO_GAMING_IO9P7"
  },
  {
    "uid": 4458783358,
    "password": "SNNDEKANM_QS18I_BY_SPIDEERIO_GAMING_X129L"
  },
  {
    "uid": 4458783667,
    "password": "SNNDEKANM_CD8KP_BY_SPIDEERIO_GAMING_X9MIS"
  },
  {
    "uid": 4458784049,
    "password": "SNNDEKANM_A8IFC_BY_SPIDEERIO_GAMING_T7RVR"
  },
  {
    "uid": 4458784208,
    "password": "SNNDEKANM_D56MB_BY_SPIDEERIO_GAMING_55U4A"
  },
  {
    "uid": 4458785841,
    "password": "SNNDEKANM_34QG7_BY_SPIDEERIO_GAMING_YQ0G8"
  },
  {
    "uid": 4458786743,
    "password": "SNNDEKANM_ASTHN_BY_SPIDEERIO_GAMING_MRNWI"
  },
  {
    "uid": 4458786745,
    "password": "SNNDEKANM_89BU6_BY_SPIDEERIO_GAMING_H29EQ"
  },
  {
    "uid": 4458787140,
    "password": "SNNDEKANM_N14A0_BY_SPIDEERIO_GAMING_QDR3C"
  },
  {
    "uid": 4458788174,
    "password": "SNNDEKANM_2M633_BY_SPIDEERIO_GAMING_JVJ2K"
  },
  {
    "uid": 4458789038,
    "password": "SNNDEKANM_C507K_BY_SPIDEERIO_GAMING_FPUAN"
  },
  {
    "uid": 4458789383,
    "password": "SNNDEKANM_WBDZ7_BY_SPIDEERIO_GAMING_NC7WD"
  },
  {
    "uid": 4458790643,
    "password": "SNNDEKANM_9RXR7_BY_SPIDEERIO_GAMING_L5YY6"
  },
  {
    "uid": 4458790622,
    "password": "SNNDEKANM_9B2WZ_BY_SPIDEERIO_GAMING_N69HR"
  },
  {
    "uid": 4458789699,
    "password": "SNNDEKANM_98RRK_BY_SPIDEERIO_GAMING_C4CDQ"
  },
  {
    "uid": 4458789888,
    "password": "SNNDEKANM_56N7Z_BY_SPIDEERIO_GAMING_0KZZD"
  },
  {
    "uid": 4458790814,
    "password": "SNNDEKANM_K37IZ_BY_SPIDEERIO_GAMING_UWRM1"
  },
  {
    "uid": 4458791591,
    "password": "SNNDEKANM_AR3YZ_BY_SPIDEERIO_GAMING_KANRQ"
  },
  {
    "uid": 4458792429,
    "password": "SNNDEKANM_LH2UQ_BY_SPIDEERIO_GAMING_ED02Q"
  },
  {
    "uid": 4458791630,
    "password": "SNNDEKANM_7NUYH_BY_SPIDEERIO_GAMING_LREHM"
  },
  {
    "uid": 4458792537,
    "password": "SNNDEKANM_ZAXAL_BY_SPIDEERIO_GAMING_MD1M5"
  },
  {
    "uid": 4458793528,
    "password": "SNNDEKANM_NK6JH_BY_SPIDEERIO_GAMING_7T8J5"
  },
  {
    "uid": 4458792566,
    "password": "SNNDEKANM_E44LA_BY_SPIDEERIO_GAMING_M2YKN"
  },
  {
    "uid": 4458794022,
    "password": "SNNDEKANM_JYSMR_BY_SPIDEERIO_GAMING_XBF2L"
  },
  {
    "uid": 4458794676,
    "password": "SNNDEKANM_Q8RWP_BY_SPIDEERIO_GAMING_0K1HO"
  },
  {
    "uid": 4458794700,
    "password": "SNNDEKANM_AVM9C_BY_SPIDEERIO_GAMING_T301D"
  },
  {
    "uid": 4458797376,
    "password": "SNNDEKANM_RZ7VZ_BY_SPIDEERIO_GAMING_QV045"
  },
  {
    "uid": 4458795003,
    "password": "SNNDEKANM_CXD9J_BY_SPIDEERIO_GAMING_1NBMQ"
  },
  {
    "uid": 4458798171,
    "password": "SNNDEKANM_G5N3E_BY_SPIDEERIO_GAMING_RY0FK"
  },
  {
    "uid": 4458799697,
    "password": "SNNDEKANM_0AMPM_BY_SPIDEERIO_GAMING_40VS0"
  },
  {
    "uid": 4458799904,
    "password": "SNNDEKANM_4F9K1_BY_SPIDEERIO_GAMING_QXW63"
  },
  {
    "uid": 4458798666,
    "password": "SNNDEKANM_OB5DK_BY_SPIDEERIO_GAMING_ZJYOD"
  },
  {
    "uid": 4458800744,
    "password": "SNNDEKANM_VINHQ_BY_SPIDEERIO_GAMING_B0WE2"
  },
  {
    "uid": 4458800326,
    "password": "SNNDEKANM_RIO1K_BY_SPIDEERIO_GAMING_JN6MO"
  },
  {
    "uid": 4458801272,
    "password": "SNNDEKANM_0DW7M_BY_SPIDEERIO_GAMING_AXE6E"
  },
  {
    "uid": 4458800826,
    "password": "SNNDEKANM_EMZRI_BY_SPIDEERIO_GAMING_RCX4P"
  },
  {
    "uid": 4458801373,
    "password": "SNNDEKANM_HSVLG_BY_SPIDEERIO_GAMING_VGQGJ"
  },
  {
    "uid": 4458802314,
    "password": "SNNDEKANM_FGFBW_BY_SPIDEERIO_GAMING_8B2ZV"
  },
  {
    "uid": 4458802383,
    "password": "SNNDEKANM_TJFR3_BY_SPIDEERIO_GAMING_VP7KL"
  },
  {
    "uid": 4458802461,
    "password": "SNNDEKANM_H070G_BY_SPIDEERIO_GAMING_SAZBA"
  },
  {
    "uid": 4458802953,
    "password": "SNNDEKANM_54DU2_BY_SPIDEERIO_GAMING_TNIV6"
  },
  {
    "uid": 4458803529,
    "password": "SNNDEKANM_ZMK76_BY_SPIDEERIO_GAMING_BDI0P"
  },
  {
    "uid": 4458804035,
    "password": "SNNDEKANM_JGC5K_BY_SPIDEERIO_GAMING_1GQWH"
  },
  {
    "uid": 4458805112,
    "password": "SNNDEKANM_97TA8_BY_SPIDEERIO_GAMING_64JNM"
  },
  {
    "uid": 4458804786,
    "password": "SNNDEKANM_AWY1C_BY_SPIDEERIO_GAMING_QFA7B"
  },
  {
    "uid": 4458805210,
    "password": "SNNDEKANM_QSUIK_BY_SPIDEERIO_GAMING_3HLB2"
  },
  {
    "uid": 4458805774,
    "password": "SNNDEKANM_PUXF7_BY_SPIDEERIO_GAMING_OX1S4"
  },
  {
    "uid": 4458805996,
    "password": "SNNDEKANM_OOVNU_BY_SPIDEERIO_GAMING_2G4JI"
  },
  {
    "uid": 4458806083,
    "password": "SNNDEKANM_J2YKL_BY_SPIDEERIO_GAMING_3J4P8"
  },
  {
    "uid": 4458806267,
    "password": "SNNDEKANM_B6SD4_BY_SPIDEERIO_GAMING_X52E1"
  },
  {
    "uid": 4458807008,
    "password": "SNNDEKANM_JLVJ5_BY_SPIDEERIO_GAMING_9UVO4"
  },
  {
    "uid": 4458807310,
    "password": "SNNDEKANM_E04LO_BY_SPIDEERIO_GAMING_KVV3Y"
  },
  {
    "uid": 4458807301,
    "password": "SNNDEKANM_8A7R1_BY_SPIDEERIO_GAMING_2J9HK"
  },
  {
    "uid": 4458807977,
    "password": "SNNDEKANM_BUDWB_BY_SPIDEERIO_GAMING_OHQUE"
  },
  {
    "uid": 4458809493,
    "password": "SNNDEKANM_IH585_BY_SPIDEERIO_GAMING_X7B8Z"
  },
  {
    "uid": 4458809632,
    "password": "SNNDEKANM_8HE06_BY_SPIDEERIO_GAMING_3YQ3D"
  },
  {
    "uid": 4458809819,
    "password": "SNNDEKANM_LNKTU_BY_SPIDEERIO_GAMING_3ZE13"
  },
  {
    "uid": 4458811000,
    "password": "SNNDEKANM_VZBAF_BY_SPIDEERIO_GAMING_KTEST"
  },
  {
    "uid": 4458810618,
    "password": "SNNDEKANM_2C6VQ_BY_SPIDEERIO_GAMING_SYEPN"
  },
  {
    "uid": 4458811493,
    "password": "SNNDEKANM_3ZC39_BY_SPIDEERIO_GAMING_4WTIV"
  },
  {
    "uid": 4458812095,
    "password": "SNNDEKANM_XLOOM_BY_SPIDEERIO_GAMING_YQQ4H"
  },
  {
    "uid": 4458812413,
    "password": "SNNDEKANM_638BV_BY_SPIDEERIO_GAMING_2Y5WA"
  },
  {
    "uid": 4458812358,
    "password": "SNNDEKANM_OEXMC_BY_SPIDEERIO_GAMING_NJK41"
  },
  {
    "uid": 4458813105,
    "password": "SNNDEKANM_6X6IM_BY_SPIDEERIO_GAMING_DZF7P"
  },
  {
    "uid": 4458813184,
    "password": "SNNDEKANM_UOTGE_BY_SPIDEERIO_GAMING_70BWY"
  },
  {
    "uid": 4458813228,
    "password": "SNNDEKANM_U0NAT_BY_SPIDEERIO_GAMING_XSTRI"
  },
  {
    "uid": 4458813667,
    "password": "SNNDEKANM_LJC66_BY_SPIDEERIO_GAMING_OA67F"
  },
  {
    "uid": 4458813852,
    "password": "SNNDEKANM_M41HG_BY_SPIDEERIO_GAMING_9059J"
  },
  {
    "uid": 4458814800,
    "password": "SNNDEKANM_7WMU7_BY_SPIDEERIO_GAMING_UHXSA"
  },
  {
    "uid": 4458813804,
    "password": "SNNDEKANM_3Z7KH_BY_SPIDEERIO_GAMING_UDV58"
  },
  {
    "uid": 4458814820,
    "password": "SNNDEKANM_RB5I3_BY_SPIDEERIO_GAMING_EOSKR"
  },
  {
    "uid": 4458815001,
    "password": "SNNDEKANM_QO63F_BY_SPIDEERIO_GAMING_0AWOA"
  },
  {
    "uid": 4458816106,
    "password": "SNNDEKANM_ZE2ZJ_BY_SPIDEERIO_GAMING_Q0JGF"
  },
  {
    "uid": 4458816318,
    "password": "SNNDEKANM_7K3ZM_BY_SPIDEERIO_GAMING_6R69V"
  },
  {
    "uid": 4458817722,
    "password": "SNNDEKANM_K28MT_BY_SPIDEERIO_GAMING_94UDM"
  },
  {
    "uid": 4458818611,
    "password": "SNNDEKANM_PTY0Z_BY_SPIDEERIO_GAMING_JZ77R"
  },
  {
    "uid": 4458818745,
    "password": "SNNDEKANM_GSO0C_BY_SPIDEERIO_GAMING_LCNT1"
  },
  {
    "uid": 4458818995,
    "password": "SNNDEKANM_QHJZ5_BY_SPIDEERIO_GAMING_5RQZC"
  },
  {
    "uid": 4458819197,
    "password": "SNNDEKANM_PBPMY_BY_SPIDEERIO_GAMING_NAVY1"
  },
  {
    "uid": 4458820066,
    "password": "SNNDEKANM_7NZEC_BY_SPIDEERIO_GAMING_OKHLR"
  },
  {
    "uid": 4458821065,
    "password": "SNNDEKANM_W21V7_BY_SPIDEERIO_GAMING_20M7F"
  },
  {
    "uid": 4458820960,
    "password": "SNNDEKANM_OBXR8_BY_SPIDEERIO_GAMING_0MUUV"
  },
  {
    "uid": 4458821630,
    "password": "SNNDEKANM_INT25_BY_SPIDEERIO_GAMING_A50M2"
  },
  {
    "uid": 4458822931,
    "password": "SNNDEKANM_UEI8Y_BY_SPIDEERIO_GAMING_EJD1O"
  },
  {
    "uid": 4458823697,
    "password": "SNNDEKANM_A89O6_BY_SPIDEERIO_GAMING_FI7L2"
  },
  {
    "uid": 4458824281,
    "password": "SNNDEKANM_F7ZKK_BY_SPIDEERIO_GAMING_FP771"
  },
  {
    "uid": 4458824590,
    "password": "SNNDEKANM_GBF1I_BY_SPIDEERIO_GAMING_IK7U9"
  },
  {
    "uid": 4458826086,
    "password": "SNNDEKANM_MFJLS_BY_SPIDEERIO_GAMING_EUYDM"
  },
  {
    "uid": 4458826892,
    "password": "SNNDEKANM_N49WI_BY_SPIDEERIO_GAMING_N2WRY"
  },
  {
    "uid": 4458827011,
    "password": "SNNDEKANM_1ICQN_BY_SPIDEERIO_GAMING_NF70U"
  },
  {
    "uid": 4458827183,
    "password": "SNNDEKANM_XNF6R_BY_SPIDEERIO_GAMING_KGNUN"
  },
  {
    "uid": 4458828356,
    "password": "SNNDEKANM_1PTBD_BY_SPIDEERIO_GAMING_OI5V9"
  },
  {
    "uid": 4458829006,
    "password": "SNNDEKANM_TT46N_BY_SPIDEERIO_GAMING_81CNR"
  },
  {
    "uid": 4458828226,
    "password": "SNNDEKANM_ZHBBT_BY_SPIDEERIO_GAMING_2NSBV"
  },
  {
    "uid": 4458829355,
    "password": "SNNDEKANM_5POBC_BY_SPIDEERIO_GAMING_DO5Q3"
  },
  {
    "uid": 4458829615,
    "password": "SNNDEKANM_LVS9G_BY_SPIDEERIO_GAMING_Z8C23"
  },
  {
    "uid": 4458830863,
    "password": "SNNDEKANM_SQBP4_BY_SPIDEERIO_GAMING_VN4MD"
  },
  {
    "uid": 4458829759,
    "password": "SNNDEKANM_OT9PY_BY_SPIDEERIO_GAMING_Q7L15"
  },
  {
    "uid": 4458831142,
    "password": "SNNDEKANM_9BD3H_BY_SPIDEERIO_GAMING_SYHQ1"
  },
  {
    "uid": 4458832056,
    "password": "SNNDEKANM_1WZRM_BY_SPIDEERIO_GAMING_X6003"
  },
  {
    "uid": 4458831550,
    "password": "SNNDEKANM_8BYBS_BY_SPIDEERIO_GAMING_7P8O7"
  },
  {
    "uid": 4458832068,
    "password": "SNNDEKANM_AJGK0_BY_SPIDEERIO_GAMING_DSQ5U"
  },
  {
    "uid": 4458832142,
    "password": "SNNDEKANM_QU968_BY_SPIDEERIO_GAMING_6GMXL"
  },
  {
    "uid": 4458833278,
    "password": "SNNDEKANM_DNWAW_BY_SPIDEERIO_GAMING_MRFGQ"
  },
  {
    "uid": 4458833323,
    "password": "SNNDEKANM_BEC05_BY_SPIDEERIO_GAMING_EZ0F5"
  },
  {
    "uid": 4458833708,
    "password": "SNNDEKANM_92QBN_BY_SPIDEERIO_GAMING_4U98I"
  },
  {
    "uid": 4458834356,
    "password": "SNNDEKANM_3R068_BY_SPIDEERIO_GAMING_RVP8Z"
  },
  {
    "uid": 4458834327,
    "password": "SNNDEKANM_6N270_BY_SPIDEERIO_GAMING_59VXK"
  },
  {
    "uid": 4458835082,
    "password": "SNNDEKANM_6V3WT_BY_SPIDEERIO_GAMING_JU14B"
  },
  {
    "uid": 4458834576,
    "password": "SNNDEKANM_FDDFE_BY_SPIDEERIO_GAMING_8VFCR"
  },
  {
    "uid": 4458835899,
    "password": "SNNDEKANM_YM8BE_BY_SPIDEERIO_GAMING_PXL0L"
  },
  {
    "uid": 4458835130,
    "password": "SNNDEKANM_816YS_BY_SPIDEERIO_GAMING_TJ8RT"
  },
  {
    "uid": 4458836139,
    "password": "SNNDEKANM_KBXYY_BY_SPIDEERIO_GAMING_8XMZQ"
  },
  {
    "uid": 4458836260,
    "password": "SNNDEKANM_VH4X7_BY_SPIDEERIO_GAMING_CGSO5"
  },
  {
    "uid": 4458836832,
    "password": "SNNDEKANM_XZRMW_BY_SPIDEERIO_GAMING_65WXI"
  },
  {
    "uid": 4458837099,
    "password": "SNNDEKANM_O2WQ7_BY_SPIDEERIO_GAMING_8N2S7"
  },
  {
    "uid": 4458837124,
    "password": "SNNDEKANM_3YNZV_BY_SPIDEERIO_GAMING_8LIY0"
  },
  {
    "uid": 4458838041,
    "password": "SNNDEKANM_BMB8Y_BY_SPIDEERIO_GAMING_JB0BK"
  },
  {
    "uid": 4458837533,
    "password": "SNNDEKANM_2J7FL_BY_SPIDEERIO_GAMING_I5O3X"
  },
  {
    "uid": 4458837745,
    "password": "SNNDEKANM_A8PU8_BY_SPIDEERIO_GAMING_5AQK1"
  },
  {
    "uid": 4458838822,
    "password": "SNNDEKANM_ZZOWX_BY_SPIDEERIO_GAMING_HKI9Y"
  },
  {
    "uid": 4458838884,
    "password": "SNNDEKANM_UNXDH_BY_SPIDEERIO_GAMING_KZ1I6"
  },
  {
    "uid": 4458838754,
    "password": "SNNDEKANM_EPDKQ_BY_SPIDEERIO_GAMING_JA9VJ"
  },
  {
    "uid": 4458839828,
    "password": "SNNDEKANM_W9K93_BY_SPIDEERIO_GAMING_9HTJ1"
  },
  {
    "uid": 4458839821,
    "password": "SNNDEKANM_3Q3PI_BY_SPIDEERIO_GAMING_LLVHQ"
  },
  {
    "uid": 4458840438,
    "password": "SNNDEKANM_ISQM7_BY_SPIDEERIO_GAMING_PKI0Q"
  },
  {
    "uid": 4458841661,
    "password": "SNNDEKANM_G23QM_BY_SPIDEERIO_GAMING_IKTEY"
  },
  {
    "uid": 4458841989,
    "password": "SNNDEKANM_3SII0_BY_SPIDEERIO_GAMING_LDVFX"
  },
  {
    "uid": 4458842994,
    "password": "SNNDEKANM_F2FAT_BY_SPIDEERIO_GAMING_DDYZU"
  },
  {
    "uid": 4458844403,
    "password": "SNNDEKANM_2WYCQ_BY_SPIDEERIO_GAMING_W3OYZ"
  },
  {
    "uid": 4458844383,
    "password": "SNNDEKANM_9ZZIJ_BY_SPIDEERIO_GAMING_I4J7X"
  },
  {
    "uid": 4458844433,
    "password": "SNNDEKANM_WP533_BY_SPIDEERIO_GAMING_0M4LG"
  },
  {
    "uid": 4458845267,
    "password": "SNNDEKANM_VEGFI_BY_SPIDEERIO_GAMING_AVWFO"
  },
  {
    "uid": 4458845857,
    "password": "SNNDEKANM_PX4S7_BY_SPIDEERIO_GAMING_OKH22"
  },
  {
    "uid": 4458846014,
    "password": "SNNDEKANM_R0TL1_BY_SPIDEERIO_GAMING_QL3EJ"
  },
  {
    "uid": 4458846028,
    "password": "SNNDEKANM_34NZE_BY_SPIDEERIO_GAMING_VZXHW"
  },
  {
    "uid": 4458847178,
    "password": "SNNDEKANM_VG1J6_BY_SPIDEERIO_GAMING_3DH82"
  },
  {
    "uid": 4458847200,
    "password": "SNNDEKANM_VS7BF_BY_SPIDEERIO_GAMING_114HM"
  },
  {
    "uid": 4458847985,
    "password": "SNNDEKANM_I1U21_BY_SPIDEERIO_GAMING_FLH39"
  },
  {
    "uid": 4458848136,
    "password": "SNNDEKANM_EZ90N_BY_SPIDEERIO_GAMING_3XIW9"
  },
  {
    "uid": 4458848294,
    "password": "SNNDEKANM_KMQ61_BY_SPIDEERIO_GAMING_67SYL"
  },
  {
    "uid": 4458848701,
    "password": "SNNDEKANM_1YCCC_BY_SPIDEERIO_GAMING_PCF76"
  },
  {
    "uid": 4458849395,
    "password": "SNNDEKANM_33GDN_BY_SPIDEERIO_GAMING_YGGH7"
  },
  {
    "uid": 4458849756,
    "password": "SNNDEKANM_DL1Z8_BY_SPIDEERIO_GAMING_KTCC6"
  },
  {
    "uid": 4458849561,
    "password": "SNNDEKANM_DAR8C_BY_SPIDEERIO_GAMING_APGL8"
  },
  {
    "uid": 4458850412,
    "password": "SNNDEKANM_2AOWU_BY_SPIDEERIO_GAMING_9Y6O5"
  },
  {
    "uid": 4458851066,
    "password": "SNNDEKANM_QX5KZ_BY_SPIDEERIO_GAMING_PMPFY"
  },
  {
    "uid": 4458851225,
    "password": "SNNDEKANM_8L53V_BY_SPIDEERIO_GAMING_GVIOP"
  },
  {
    "uid": 4458852232,
    "password": "SNNDEKANM_0F9AQ_BY_SPIDEERIO_GAMING_68WPX"
  },
  {
    "uid": 4458852906,
    "password": "SNNDEKANM_DLJCB_BY_SPIDEERIO_GAMING_1ISHK"
  },
  {
    "uid": 4458853598,
    "password": "SNNDEKANM_ODH05_BY_SPIDEERIO_GAMING_DWXI3"
  },
  {
    "uid": 4458854799,
    "password": "SNNDEKANM_4ZM99_BY_SPIDEERIO_GAMING_OSFK6"
  },
  {
    "uid": 4458855035,
    "password": "SNNDEKANM_WTFRW_BY_SPIDEERIO_GAMING_309SP"
  },
  {
    "uid": 4458855877,
    "password": "SNNDEKANM_JG173_BY_SPIDEERIO_GAMING_C6W8Z"
  },
  {
    "uid": 4458854940,
    "password": "SNNDEKANM_062ZA_BY_SPIDEERIO_GAMING_1IWV1"
  },
  {
    "uid": 4458856396,
    "password": "SNNDEKANM_00QZ3_BY_SPIDEERIO_GAMING_DR2GG"
  },
  {
    "uid": 4458857873,
    "password": "SNNDEKANM_RXU9A_BY_SPIDEERIO_GAMING_7WTU9"
  },
  {
    "uid": 4458860574,
    "password": "SNNDEKANM_JFU6X_BY_SPIDEERIO_GAMING_RJ3MK"
  },
  {
    "uid": 4458860811,
    "password": "SNNDEKANM_EP4QF_BY_SPIDEERIO_GAMING_IAX6B"
  },
  {
    "uid": 4458861956,
    "password": "SNNDEKANM_942HK_BY_SPIDEERIO_GAMING_DJNLQ"
  },
  {
    "uid": 4458864025,
    "password": "SNNDEKANM_1OCVS_BY_SPIDEERIO_GAMING_2T604"
  },
  {
    "uid": 4458864067,
    "password": "SNNDEKANM_NR7IK_BY_SPIDEERIO_GAMING_4KJHR"
  },
  {
    "uid": 4458864575,
    "password": "SNNDEKANM_YOC5I_BY_SPIDEERIO_GAMING_630PZ"
  },
  {
    "uid": 4458865840,
    "password": "SNNDEKANM_YACU5_BY_SPIDEERIO_GAMING_KIJH6"
  },
  {
    "uid": 4458864600,
    "password": "SNNDEKANM_M6B0E_BY_SPIDEERIO_GAMING_4VTIS"
  },
  {
    "uid": 4458868344,
    "password": "SNNDEKANM_J87R6_BY_SPIDEERIO_GAMING_TVCZQ"
  },
  {
    "uid": 4458868431,
    "password": "SNNDEKANM_VQ4RI_BY_SPIDEERIO_GAMING_T0A10"
  },
  {
    "uid": 4458868680,
    "password": "SNNDEKANM_EUI4Y_BY_SPIDEERIO_GAMING_R18KF"
  },
  {
    "uid": 4458869694,
    "password": "SNNDEKANM_V9RY0_BY_SPIDEERIO_GAMING_N7ULV"
  },
  {
    "uid": 4458871531,
    "password": "SNNDEKANM_6DH3M_BY_SPIDEERIO_GAMING_UZTEG"
  },
  {
    "uid": 4458871657,
    "password": "SNNDEKANM_8STHO_BY_SPIDEERIO_GAMING_33SRG"
  },
  {
    "uid": 4458874701,
    "password": "SNNDEKANM_UJ7FT_BY_SPIDEERIO_GAMING_E0E0R"
  },
  {
    "uid": 4458874719,
    "password": "SNNDEKANM_RBPAY_BY_SPIDEERIO_GAMING_78VHN"
  },
  {
    "uid": 4458877333,
    "password": "SNNDEKANM_PZVX3_BY_SPIDEERIO_GAMING_MZRG9"
  },
  {
    "uid": 4458877547,
    "password": "SNNDEKANM_QSMGT_BY_SPIDEERIO_GAMING_AGK2F"
  },
  {
    "uid": 4458877848,
    "password": "SNNDEKANM_L5UG6_BY_SPIDEERIO_GAMING_ATYIW"
  },
  {
    "uid": 4458880082,
    "password": "SNNDEKANM_XUCCJ_BY_SPIDEERIO_GAMING_UCG65"
  },
  {
    "uid": 4458879630,
    "password": "SNNDEKANM_UB2YG_BY_SPIDEERIO_GAMING_HC3CS"
  },
  {
    "uid": 4458880110,
    "password": "SNNDEKANM_8TUGS_BY_SPIDEERIO_GAMING_GE3I6"
  },
  {
    "uid": 4458881316,
    "password": "SNNDEKANM_FWQI7_BY_SPIDEERIO_GAMING_QE2EL"
  },
  {
    "uid": 4458881570,
    "password": "SNNDEKANM_XRJ4B_BY_SPIDEERIO_GAMING_E1LO1"
  },
  {
    "uid": 4458882311,
    "password": "SNNDEKANM_KO893_BY_SPIDEERIO_GAMING_ZQGNB"
  },
  {
    "uid": 4458883932,
    "password": "SNNDEKANM_C7LO1_BY_SPIDEERIO_GAMING_24G8C"
  },
  {
    "uid": 4458885532,
    "password": "SNNDEKANM_AXZYZ_BY_SPIDEERIO_GAMING_G7CVX"
  },
  {
    "uid": 4458886836,
    "password": "SNNDEKANM_P47IB_BY_SPIDEERIO_GAMING_778ZV"
  },
  {
    "uid": 4458889124,
    "password": "SNNDEKANM_ZUCH8_BY_SPIDEERIO_GAMING_YEG2F"
  },
  {
    "uid": 4458885465,
    "password": "SNNDEKANM_4ON75_BY_SPIDEERIO_GAMING_VIOO8"
  },
  {
    "uid": 4458889767,
    "password": "SNNDEKANM_UXETO_BY_SPIDEERIO_GAMING_D356V"
  },
  {
    "uid": 4458889135,
    "password": "SNNDEKANM_3KSZN_BY_SPIDEERIO_GAMING_HCCET"
  },
  {
    "uid": 4458891216,
    "password": "SNNDEKANM_T9WHX_BY_SPIDEERIO_GAMING_IACWL"
  },
  {
    "uid": 4458891844,
    "password": "SNNDEKANM_LMMR3_BY_SPIDEERIO_GAMING_ZLC3C"
  },
  {
    "uid": 4458892621,
    "password": "SNNDEKANM_8E637_BY_SPIDEERIO_GAMING_C9NKM"
  },
  {
    "uid": 4458893558,
    "password": "SNNDEKANM_6ULPC_BY_SPIDEERIO_GAMING_S278G"
  },
  {
    "uid": 4458894619,
    "password": "SNNDEKANM_1JRV0_BY_SPIDEERIO_GAMING_IQOET"
  },
  {
    "uid": 4458893870,
    "password": "SNNDEKANM_D6S41_BY_SPIDEERIO_GAMING_0GW54"
  },
  {
    "uid": 4458894786,
    "password": "SNNDEKANM_35CBD_BY_SPIDEERIO_GAMING_A7EQT"
  },
  {
    "uid": 4458895809,
    "password": "SNNDEKANM_4IMTL_BY_SPIDEERIO_GAMING_SIK7W"
  },
  {
    "uid": 4458896724,
    "password": "SNNDEKANM_JAW0L_BY_SPIDEERIO_GAMING_E2UTS"
  },
  {
    "uid": 4458895576,
    "password": "SNNDEKANM_NEFW8_BY_SPIDEERIO_GAMING_SWBQE"
  },
  {
    "uid": 4458897350,
    "password": "SNNDEKANM_8R0XG_BY_SPIDEERIO_GAMING_DLK1I"
  },
  {
    "uid": 4458897373,
    "password": "SNNDEKANM_ZYYKL_BY_SPIDEERIO_GAMING_1PJ99"
  },
  {
    "uid": 4458897593,
    "password": "SNNDEKANM_Y6D90_BY_SPIDEERIO_GAMING_CH69W"
  },
  {
    "uid": 4458898032,
    "password": "SNNDEKANM_JU3FO_BY_SPIDEERIO_GAMING_LKXHT"
  },
  {
    "uid": 4458898220,
    "password": "SNNDEKANM_1S522_BY_SPIDEERIO_GAMING_K0QHL"
  },
  {
    "uid": 4458898186,
    "password": "SNNDEKANM_0OR66_BY_SPIDEERIO_GAMING_W15FB"
  },
  {
    "uid": 4458899195,
    "password": "SNNDEKANM_10WGA_BY_SPIDEERIO_GAMING_A8BD0"
  },
  {
    "uid": 4458899496,
    "password": "SNNDEKANM_3LFF1_BY_SPIDEERIO_GAMING_WHU0F"
  },
  {
    "uid": 4458899944,
    "password": "SNNDEKANM_WRCC7_BY_SPIDEERIO_GAMING_ZHWD9"
  },
  {
    "uid": 4458900412,
    "password": "SNNDEKANM_5J23K_BY_SPIDEERIO_GAMING_8IKNF"
  },
  {
    "uid": 4458900199,
    "password": "SNNDEKANM_B33WZ_BY_SPIDEERIO_GAMING_EAMJZ"
  },
  {
    "uid": 4458900874,
    "password": "SNNDEKANM_IQ13Q_BY_SPIDEERIO_GAMING_AVBL0"
  },
  {
    "uid": 4458900867,
    "password": "SNNDEKANM_4B9TY_BY_SPIDEERIO_GAMING_Z73OF"
  },
  {
    "uid": 4458902016,
    "password": "SNNDEKANM_DL6DB_BY_SPIDEERIO_GAMING_J9QG3"
  },
  {
    "uid": 4458903061,
    "password": "SNNDEKANM_ZG03P_BY_SPIDEERIO_GAMING_70LHT"
  },
  {
    "uid": 4458903736,
    "password": "SNNDEKANM_5MUY3_BY_SPIDEERIO_GAMING_4HRBU"
  },
  {
    "uid": 4458904862,
    "password": "SNNDEKANM_C7T2J_BY_SPIDEERIO_GAMING_QEHBX"
  },
  {
    "uid": 4458904781,
    "password": "SNNDEKANM_DWXAM_BY_SPIDEERIO_GAMING_77EPF"
  },
  {
    "uid": 4458904962,
    "password": "SNNDEKANM_N029M_BY_SPIDEERIO_GAMING_BNIOY"
  },
  {
    "uid": 4458903875,
    "password": "SNNDEKANM_8B64X_BY_SPIDEERIO_GAMING_P9SLM"
  },
  {
    "uid": 4458906011,
    "password": "SNNDEKANM_RJQZE_BY_SPIDEERIO_GAMING_19FNQ"
  },
  {
    "uid": 4458906310,
    "password": "SNNDEKANM_S9PXI_BY_SPIDEERIO_GAMING_6M3VS"
  },
  {
    "uid": 4458906357,
    "password": "SNNDEKANM_28XWF_BY_SPIDEERIO_GAMING_0AAW3"
  },
  {
    "uid": 4458906557,
    "password": "SNNDEKANM_23L01_BY_SPIDEERIO_GAMING_D8MOU"
  },
  {
    "uid": 4458907277,
    "password": "SNNDEKANM_A79VF_BY_SPIDEERIO_GAMING_EITCP"
  },
  {
    "uid": 4458908517,
    "password": "SNNDEKANM_OAPL6_BY_SPIDEERIO_GAMING_AXQU9"
  },
  {
    "uid": 4458908923,
    "password": "SNNDEKANM_FJDVG_BY_SPIDEERIO_GAMING_W65FP"
  },
  {
    "uid": 4458909091,
    "password": "SNNDEKANM_11H2W_BY_SPIDEERIO_GAMING_RZJ0M"
  },
  {
    "uid": 4458909450,
    "password": "SNNDEKANM_8D6F9_BY_SPIDEERIO_GAMING_9F7FU"
  },
  {
    "uid": 4458909594,
    "password": "SNNDEKANM_ETED6_BY_SPIDEERIO_GAMING_F6O0Q"
  },
  {
    "uid": 4458909462,
    "password": "SNNDEKANM_OOCHK_BY_SPIDEERIO_GAMING_EUHWN"
  },
  {
    "uid": 4458910005,
    "password": "SNNDEKANM_9JAW2_BY_SPIDEERIO_GAMING_FHP5F"
  },
  {
    "uid": 4458910442,
    "password": "SNNDEKANM_XPQOZ_BY_SPIDEERIO_GAMING_YT2XD"
  },
  {
    "uid": 4458910490,
    "password": "SNNDEKANM_6WEYK_BY_SPIDEERIO_GAMING_ARTNM"
  },
  {
    "uid": 4458911151,
    "password": "SNNDEKANM_2B7IJ_BY_SPIDEERIO_GAMING_WK9SE"
  },
  {
    "uid": 4458911412,
    "password": "SNNDEKANM_K1FG7_BY_SPIDEERIO_GAMING_01MBG"
  },
  {
    "uid": 4458911699,
    "password": "SNNDEKANM_5YP48_BY_SPIDEERIO_GAMING_ADYW2"
  },
  {
    "uid": 4458911923,
    "password": "SNNDEKANM_83OVR_BY_SPIDEERIO_GAMING_6EGG4"
  },
  {
    "uid": 4458912608,
    "password": "SNNDEKANM_424B9_BY_SPIDEERIO_GAMING_3A273"
  },
  {
    "uid": 4458912856,
    "password": "SNNDEKANM_LZV2F_BY_SPIDEERIO_GAMING_9U27O"
  },
  {
    "uid": 4458913806,
    "password": "SNNDEKANM_F3TNF_BY_SPIDEERIO_GAMING_7TPFJ"
  },
  {
    "uid": 4458912880,
    "password": "SNNDEKANM_JMWE4_BY_SPIDEERIO_GAMING_R80GY"
  },
  {
    "uid": 4458914105,
    "password": "SNNDEKANM_CBOS5_BY_SPIDEERIO_GAMING_PTZC8"
  },
  {
    "uid": 4458914182,
    "password": "SNNDEKANM_9AFCT_BY_SPIDEERIO_GAMING_F87B5"
  },
  {
    "uid": 4458914623,
    "password": "SNNDEKANM_QRBL1_BY_SPIDEERIO_GAMING_36Q5P"
  },
  {
    "uid": 4458914729,
    "password": "SNNDEKANM_KH7EH_BY_SPIDEERIO_GAMING_44FD7"
  },
  {
    "uid": 4458914681,
    "password": "SNNDEKANM_ZB5UP_BY_SPIDEERIO_GAMING_RM90J"
  },
  {
    "uid": 4458915876,
    "password": "SNNDEKANM_1P47F_BY_SPIDEERIO_GAMING_GYSTE"
  },
  {
    "uid": 4458918636,
    "password": "SNNDEKANM_NKD4Q_BY_SPIDEERIO_GAMING_ZBPZO"
  },
  {
    "uid": 4458915978,
    "password": "SNNDEKANM_4ZCB1_BY_SPIDEERIO_GAMING_JZMH1"
  },
  {
    "uid": 4458920890,
    "password": "SNNDEKANM_Y7N2I_BY_SPIDEERIO_GAMING_2QZNU"
  },
  {
    "uid": 4458921538,
    "password": "SNNDEKANM_HZVSZ_BY_SPIDEERIO_GAMING_8Q6IF"
  },
  {
    "uid": 4458920882,
    "password": "SNNDEKANM_GFZUR_BY_SPIDEERIO_GAMING_7GOZE"
  },
  {
    "uid": 4458922184,
    "password": "SNNDEKANM_WTCIL_BY_SPIDEERIO_GAMING_2N6O9"
  },
  {
    "uid": 4458920123,
    "password": "SNNDEKANM_M8KI7_BY_SPIDEERIO_GAMING_H7SQ5"
  },
  {
    "uid": 4458923002,
    "password": "SNNDEKANM_H43XY_BY_SPIDEERIO_GAMING_MJF0T"
  },
  {
    "uid": 4458924057,
    "password": "SNNDEKANM_4H5IU_BY_SPIDEERIO_GAMING_VATI3"
  },
  {
    "uid": 4458923542,
    "password": "SNNDEKANM_B5RB8_BY_SPIDEERIO_GAMING_SLCH7"
  },
  {
    "uid": 4458924260,
    "password": "SNNDEKANM_QSC9R_BY_SPIDEERIO_GAMING_KWQKL"
  },
  {
    "uid": 4458926700,
    "password": "SNNDEKANM_9MO2H_BY_SPIDEERIO_GAMING_EQSJ2"
  },
  {
    "uid": 4458925665,
    "password": "SNNDEKANM_2E27E_BY_SPIDEERIO_GAMING_FX74I"
  },
  {
    "uid": 4458925266,
    "password": "SNNDEKANM_ZLK59_BY_SPIDEERIO_GAMING_IZ7K7"
  },
  {
    "uid": 4458927485,
    "password": "SNNDEKANM_IY8TH_BY_SPIDEERIO_GAMING_W0NRD"
  },
  {
    "uid": 4458927691,
    "password": "SNNDEKANM_MKYJ6_BY_SPIDEERIO_GAMING_5GISV"
  },
  {
    "uid": 4458929386,
    "password": "SNNDEKANM_KH3JM_BY_SPIDEERIO_GAMING_LEXAY"
  },
  {
    "uid": 4458929938,
    "password": "SNNDEKANM_QHKMT_BY_SPIDEERIO_GAMING_SXZVG"
  },
  {
    "uid": 4458930648,
    "password": "SNNDEKANM_VNM2I_BY_SPIDEERIO_GAMING_L8ARF"
  },
  {
    "uid": 4458930491,
    "password": "SNNDEKANM_S8EB8_BY_SPIDEERIO_GAMING_SDLGA"
  },
  {
    "uid": 4458931394,
    "password": "SNNDEKANM_NJYWR_BY_SPIDEERIO_GAMING_UWNLX"
  },
  {
    "uid": 4458931915,
    "password": "SNNDEKANM_N53WM_BY_SPIDEERIO_GAMING_HRXSO"
  },
  {
    "uid": 4458933793,
    "password": "SNNDEKANM_LVOXF_BY_SPIDEERIO_GAMING_QO6OV"
  },
  {
    "uid": 4458934368,
    "password": "SNNDEKANM_69CWI_BY_SPIDEERIO_GAMING_UE99Z"
  },
  {
    "uid": 4458934935,
    "password": "SNNDEKANM_72NCA_BY_SPIDEERIO_GAMING_H5W0C"
  },
  {
    "uid": 4458937005,
    "password": "SNNDEKANM_7PQWV_BY_SPIDEERIO_GAMING_YT4JD"
  },
  {
    "uid": 4458937450,
    "password": "SNNDEKANM_VQC45_BY_SPIDEERIO_GAMING_6NKID"
  },
  {
    "uid": 4458937571,
    "password": "SNNDEKANM_YXCJH_BY_SPIDEERIO_GAMING_G2L19"
  },
  {
    "uid": 4458938600,
    "password": "SNNDEKANM_STTN4_BY_SPIDEERIO_GAMING_RHYDX"
  },
  {
    "uid": 4458938912,
    "password": "SNNDEKANM_FULF0_BY_SPIDEERIO_GAMING_WXBSP"
  },
  {
    "uid": 4458939682,
    "password": "SNNDEKANM_1H24G_BY_SPIDEERIO_GAMING_E1Y5T"
  },
  {
    "uid": 4458939791,
    "password": "SNNDEKANM_AOAEO_BY_SPIDEERIO_GAMING_VU8KG"
  },
  {
    "uid": 4458940866,
    "password": "SNNDEKANM_PAS9Y_BY_SPIDEERIO_GAMING_G9M1F"
  },
  {
    "uid": 4458940653,
    "password": "SNNDEKANM_2AGI0_BY_SPIDEERIO_GAMING_P6K3E"
  },
  {
    "uid": 4458942112,
    "password": "SNNDEKANM_ROS6M_BY_SPIDEERIO_GAMING_PTUY6"
  },
  {
    "uid": 4458942880,
    "password": "SNNDEKANM_5C3SN_BY_SPIDEERIO_GAMING_8UL1P"
  },
  {
    "uid": 4458942944,
    "password": "SNNDEKANM_JLHRO_BY_SPIDEERIO_GAMING_FY7RV"
  },
  {
    "uid": 4458942782,
    "password": "SNNDEKANM_80GPB_BY_SPIDEERIO_GAMING_G3UPG"
  },
  {
    "uid": 4458944745,
    "password": "SNNDEKANM_GXT8B_BY_SPIDEERIO_GAMING_R2ZKB"
  },
  {
    "uid": 4458944720,
    "password": "SNNDEKANM_SN9CT_BY_SPIDEERIO_GAMING_3IQVS"
  },
  {
    "uid": 4458945150,
    "password": "SNNDEKANM_I306L_BY_SPIDEERIO_GAMING_R7XH9"
  },
  {
    "uid": 4458945306,
    "password": "SNNDEKANM_XBWS3_BY_SPIDEERIO_GAMING_BBCXM"
  },
  {
    "uid": 4458945514,
    "password": "SNNDEKANM_T48S9_BY_SPIDEERIO_GAMING_4AA53"
  },
  {
    "uid": 4458947086,
    "password": "SNNDEKANM_HP7CC_BY_SPIDEERIO_GAMING_N9AE1"
  },
  {
    "uid": 4458947482,
    "password": "SNNDEKANM_8ISRA_BY_SPIDEERIO_GAMING_LEA4Y"
  },
  {
    "uid": 4458946970,
    "password": "SNNDEKANM_5CE2M_BY_SPIDEERIO_GAMING_A51NR"
  },
  {
    "uid": 4458949463,
    "password": "SNNDEKANM_2CBLK_BY_SPIDEERIO_GAMING_ZS0PS"
  },
  {
    "uid": 4458949304,
    "password": "SNNDEKANM_P29F6_BY_SPIDEERIO_GAMING_7ZMXJ"
  },
  {
    "uid": 4458949970,
    "password": "SNNDEKANM_K3702_BY_SPIDEERIO_GAMING_1HWTE"
  },
  {
    "uid": 4458948734,
    "password": "SNNDEKANM_3FXMM_BY_SPIDEERIO_GAMING_GU8FD"
  },
  {
    "uid": 4458950605,
    "password": "SNNDEKANM_T3QEJ_BY_SPIDEERIO_GAMING_9DS84"
  },
  {
    "uid": 4458952115,
    "password": "SNNDEKANM_RHY8C_BY_SPIDEERIO_GAMING_WZT54"
  },
  {
    "uid": 4458953813,
    "password": "SNNDEKANM_KY8RB_BY_SPIDEERIO_GAMING_2JFMI"
  },
  {
    "uid": 4458953264,
    "password": "SNNDEKANM_FM38G_BY_SPIDEERIO_GAMING_3SJ00"
  },
  {
    "uid": 4458954230,
    "password": "SNNDEKANM_7GZ1Q_BY_SPIDEERIO_GAMING_8ZBVB"
  },
  {
    "uid": 4458954716,
    "password": "SNNDEKANM_SRSYP_BY_SPIDEERIO_GAMING_PMC1K"
  },
  {
    "uid": 4458954655,
    "password": "SNNDEKANM_9NCGG_BY_SPIDEERIO_GAMING_PM3NN"
  },
  {
    "uid": 4458954958,
    "password": "SNNDEKANM_HHNV7_BY_SPIDEERIO_GAMING_J9JRJ"
  },
  {
    "uid": 4458955382,
    "password": "SNNDEKANM_4UGRE_BY_SPIDEERIO_GAMING_WKXWD"
  },
  {
    "uid": 4458956151,
    "password": "SNNDEKANM_2KMWW_BY_SPIDEERIO_GAMING_GSEGO"
  },
  {
    "uid": 4458957148,
    "password": "SNNDEKANM_M82UY_BY_SPIDEERIO_GAMING_VH9PT"
  },
  {
    "uid": 4458957475,
    "password": "SNNDEKANM_VUOGO_BY_SPIDEERIO_GAMING_Z05ZI"
  },
  {
    "uid": 4458957764,
    "password": "SNNDEKANM_H6TRY_BY_SPIDEERIO_GAMING_HRHDA"
  },
  {
    "uid": 4458958044,
    "password": "SNNDEKANM_17ZCT_BY_SPIDEERIO_GAMING_LJIN6"
  },
  {
    "uid": 4458958093,
    "password": "SNNDEKANM_QHJ2V_BY_SPIDEERIO_GAMING_O0I57"
  },
  {
    "uid": 4458958312,
    "password": "SNNDEKANM_IRU6L_BY_SPIDEERIO_GAMING_MMERJ"
  },
  {
    "uid": 4458968359,
    "password": "SNNDEKANM_PKC72_BY_SPIDEERIO_GAMING_8ZBNU"
  },
  {
    "uid": 4458968951,
    "password": "SNNDEKANM_Y2PDU_BY_SPIDEERIO_GAMING_GP2HZ"
  },
  {
    "uid": 4458976177,
    "password": "SNNDEKANM_7YXN3_BY_SPIDEERIO_GAMING_CS3FS"
  },
  {
    "uid": 4458978582,
    "password": "SNNDEKANM_PB7RS_BY_SPIDEERIO_GAMING_7Z54L"
  },
  {
    "uid": 4458981817,
    "password": "SNNDEKANM_LDBUW_BY_SPIDEERIO_GAMING_BIYED"
  },
  {
    "uid": 4458984015,
    "password": "SNNDEKANM_M2S6D_BY_SPIDEERIO_GAMING_VE268"
  },
  {
    "uid": 4458971163,
    "password": "SNNDEKANM_UOTJG_BY_SPIDEERIO_GAMING_NDZUY"
  },
  {
    "uid": 4458984207,
    "password": "SNNDEKANM_WZ5G3_BY_SPIDEERIO_GAMING_YPI3V"
  },
  {
    "uid": 4458986546,
    "password": "SNNDEKANM_63XNW_BY_SPIDEERIO_GAMING_VAJNI"
  },
  {
    "uid": 4458985375,
    "password": "SNNDEKANM_G5SSV_BY_SPIDEERIO_GAMING_9P0KY"
  },
  {
    "uid": 4458988317,
    "password": "SNNDEKANM_8XAP5_BY_SPIDEERIO_GAMING_HEYRU"
  },
  {
    "uid": 4458990397,
    "password": "SNNDEKANM_09HCQ_BY_SPIDEERIO_GAMING_A3F1S"
  },
  {
    "uid": 4458990635,
    "password": "SNNDEKANM_4CHMP_BY_SPIDEERIO_GAMING_J6UUJ"
  },
  {
    "uid": 4459003739,
    "password": "SNNDEKANM_5BMT1_BY_SPIDEERIO_GAMING_T6G72"
  },
  {
    "uid": 4459004639,
    "password": "SNNDEKANM_RQHT4_BY_SPIDEERIO_GAMING_T9OZ1"
  },
  {
    "uid": 4459010035,
    "password": "SNNDEKANM_G3QNZ_BY_SPIDEERIO_GAMING_0EUKF"
  },
  {
    "uid": 4459014204,
    "password": "SNNDEKANM_S00NU_BY_SPIDEERIO_GAMING_1FVHB"
  },
  {
    "uid": 4459012823,
    "password": "SNNDEKANM_AE7HP_BY_SPIDEERIO_GAMING_I2WO2"
  },
  {
    "uid": 4459016570,
    "password": "SNNDEKANM_PFEA4_BY_SPIDEERIO_GAMING_37C14"
  },
  {
    "uid": 4459017986,
    "password": "SNNDEKANM_2TM6E_BY_SPIDEERIO_GAMING_RO0D3"
  },
  {
    "uid": 4459024749,
    "password": "SNNDEKANM_6ABLD_BY_SPIDEERIO_GAMING_7XGAY"
  },
  {
    "uid": 4459063590,
    "password": "SNNDEKANM_GUD12_BY_SPIDEERIO_GAMING_8446T"
  },
  {
    "uid": 4459066070,
    "password": "SNNDEKANM_1AXTW_BY_SPIDEERIO_GAMING_ESHER"
  },
  {
    "uid": 4459061263,
    "password": "SNNDEKANM_XR2DG_BY_SPIDEERIO_GAMING_XYEHA"
  },
  {
    "uid": 4459067399,
    "password": "SNNDEKANM_0R4SU_BY_SPIDEERIO_GAMING_5VIMK"
  },
  {
    "uid": 4459070161,
    "password": "SNNDEKANM_WFMJ8_BY_SPIDEERIO_GAMING_IKRZO"
  },
  {
    "uid": 4459072488,
    "password": "SNNDEKANM_YIWU9_BY_SPIDEERIO_GAMING_2O4I2"
  },
  {
    "uid": 4459073564,
    "password": "SNNDEKANM_PRVZY_BY_SPIDEERIO_GAMING_QU3JI"
  },
  {
    "uid": 4459081563,
    "password": "SNNDEKANM_1FM1J_BY_SPIDEERIO_GAMING_YP65D"
  },
  {
    "uid": 4459086899,
    "password": "SNNDEKANM_POQ94_BY_SPIDEERIO_GAMING_RS36L"
  },
  {
    "uid": 4459093072,
    "password": "SNNDEKANM_2TYHS_BY_SPIDEERIO_GAMING_IVL5J"
  },
  {
    "uid": 4459095550,
    "password": "SNNDEKANM_HIKN0_BY_SPIDEERIO_GAMING_45SUS"
  },
  {
    "uid": 4459100091,
    "password": "SNNDEKANM_IGL79_BY_SPIDEERIO_GAMING_G4SA4"
  },
  {
    "uid": 4459100639,
    "password": "SNNDEKANM_Y3G5S_BY_SPIDEERIO_GAMING_9KWXR"
  },
  {
    "uid": 4459108515,
    "password": "SNNDEKANM_ZH0GO_BY_SPIDEERIO_GAMING_QU71Q"
  },
  {
    "uid": 4459122181,
    "password": "SNNDEKANM_69BFS_BY_SPIDEERIO_GAMING_ZTQ0X"
  },
  {
    "uid": 4459129525,
    "password": "SNNDEKANM_FUE4N_BY_SPIDEERIO_GAMING_F13KO"
  },
  {
    "uid": 4459131566,
    "password": "SNNDEKANM_HK3UP_BY_SPIDEERIO_GAMING_IPRNR"
  },
  {
    "uid": 4459138581,
    "password": "SNNDEKANM_3ZX44_BY_SPIDEERIO_GAMING_BU9A0"
  },
  {
    "uid": 4459145900,
    "password": "SNNDEKANM_J8NHA_BY_SPIDEERIO_GAMING_OJTOL"
  },
  {
    "uid": 4459139799,
    "password": "SNNDEKANM_QORGN_BY_SPIDEERIO_GAMING_TGP4T"
  },
  {
    "uid": 4459139931,
    "password": "SNNDEKANM_YZBXU_BY_SPIDEERIO_GAMING_7M4XH"
  },
  {
    "uid": 4459148582,
    "password": "SNNDEKANM_Y6XA3_BY_SPIDEERIO_GAMING_8GE54"
  },
  {
    "uid": 4459148072,
    "password": "SNNDEKANM_SRRV4_BY_SPIDEERIO_GAMING_PTZMA"
  }
]
